// !$*UTF8*$!
{
	archiveVersion = 1;
	classes = {
	};
	objectVersion = 50;
	objects = {

/* Begin PBXBuildFile section */
		07CE96E622A436F100F6E4BA /* AppDelegate.swift in Sources */ = {isa = PBXBuildFile; fileRef = 07CE96E522A436F100F6E4BA /* AppDelegate.swift */; };
		07CE96E822A436F100F6E4BA /* art.scnassets in Resources */ = {isa = PBXBuildFile; fileRef = 07CE96E722A436F100F6E4BA /* art.scnassets */; };
		07CE96EA22A436F100F6E4BA /* ViewController.swift in Sources */ = {isa = PBXBuildFile; fileRef = 07CE96E922A436F100F6E4BA /* ViewController.swift */; };
		07CE96ED22A436F100F6E4BA /* Main.storyboard in Resources */ = {isa = PBXBuildFile; fileRef = 07CE96EB22A436F100F6E4BA /* Main.storyboard */; };
		07CE96EF22A436F300F6E4BA /* Assets.xcassets in Resources */ = {isa = PBXBuildFile; fileRef = 07CE96EE22A436F300F6E4BA /* Assets.xcassets */; };
		07CE96F222A436F300F6E4BA /* LaunchScreen.storyboard in Resources */ = {isa = PBXBuildFile; fileRef = 07CE96F022A436F300F6E4BA /* LaunchScreen.storyboard */; };
/* End PBXBuildFile section */

/* Begin PBXFileReference section */
		07CE96E222A436F100F6E4BA /* domi-Nos.app */ = {isa = PBXFileReference; explicitFileType = wrapper.application; includeInIndex = 0; path = "domi-Nos.app"; sourceTree = BUILT_PRODUCTS_DIR; };
		07CE96E522A436F100F6E4BA /* AppDelegate.swift */ = {isa = PBXFileReference; lastKnownFileType = sourcecode.swift; path = AppDelegate.swift; sourceTree = "<group>"; };
		07CE96E722A436F100F6E4BA /* art.scnassets */ = {isa = PBXFileReference; lastKnownFileType = wrapper.scnassets; path = art.scnassets; sourceTree = "<group>"; };
		07CE96E922A436F100F6E4BA /* ViewController.swift */ = {isa = PBXFileReference; lastKnownFileType = sourcecode.swift; path = ViewController.swift; sourceTree = "<group>"; };
		07CE96EC22A436F100F6E4BA /* Base */ = {isa = PBXFileReference; lastKnownFileType = file.storyboard; name = Base; path = Base.lproj/Main.storyboard; sourceTree = "<group>"; };
		07CE96EE22A436F300F6E4BA /* Assets.xcassets */ = {isa = PBXFileReference; lastKnownFileType = folder.assetcatalog; path = Assets.xcassets; sourceTree = "<group>"; };
		07CE96F122A436F300F6E4BA /* Base */ = {isa = PBXFileReference; lastKnownFileType = file.storyboard; name = Base; path = Base.lproj/LaunchScreen.storyboard; sourceTree = "<group>"; };
		07CE96F322A436F300F6E4BA /* Info.plist */ = {isa = PBXFileReference; lastKnownFileType = text.plist.xml; path = Info.plist; sourceTree = "<group>"; };
/* End PBXFileReference section */

/* Begin PBXFrameworksBuildPhase section */
		07CE96DF22A436F100F6E4BA /* Frameworks */ = {
			isa = PBXFrameworksBuildPhase;
			buildActionMask = 2147483647;
			files = (
			);
			runOnlyForDeploymentPostprocessing = 0;
		};
/* End PBXFrameworksBuildPhase section */

/* Begin PBXGroup section */
		07CE96D922A436F100F6E4BA = {
			isa = PBXGroup;
			children = (
				07CE96E422A436F100F6E4BA /* domi-Nos */,
				07CE96E322A436F100F6E4BA /* Products */,
			);
			sourceTree = "<group>";
		};
		07CE96E322A436F100F6E4BA /* Products */ = {
			isa = PBXGroup;
			children = (
				07CE96E222A436F100F6E4BA /* domi-Nos.app */,
			);
			name = Products;
			sourceTree = "<group>";
		};
		07CE96E422A436F100F6E4BA /* domi-Nos */ = {
			isa = PBXGroup;
			children = (
				07CE96E522A436F100F6E4BA /* AppDelegate.swift */,
				07CE96E722A436F100F6E4BA /* art.scnassets */,
				07CE96E922A436F100F6E4BA /* ViewController.swift */,
				07CE96EB22A436F100F6E4BA /* Main.storyboard */,
				07CE96EE22A436F300F6E4BA /* Assets.xcassets */,
				07CE96F022A436F300F6E4BA /* LaunchScreen.storyboard */,
				07CE96F322A436F300F6E4BA /* Info.plist */,
			);
			path = "domi-Nos";
			sourceTree = "<group>";
		};
/* End PBXGroup section */

/* Begin PBXNativeTarget section */
		07CE96E122A436F100F6E4BA /* domi-Nos */ = {
			isa = PBXNativeTarget;
			buildConfigurationList = 07CE96F622A436F300F6E4BA /* Build configuration list for PBXNativeTarget "domi-Nos" */;
			buildPhases = (
				07CE96DE22A436F100F6E4BA /* Sources */,
				07CE96DF22A436F100F6E4BA /* Frameworks */,
				07CE96E022A436F100F6E4BA /* Resources */,
			);
			buildRules = (
			);
			dependencies = (
			);
			name = "domi-Nos";
			productName = "domi-Nos";
			productReference = 07CE96E222A436F100F6E4BA /* domi-Nos.app */;
			productType = "com.apple.product-type.application";
		};
/* End PBXNativeTarget section */

/* Begin PBXProject section */
		07CE96DA22A436F100F6E4BA /* Project object */ = {
			isa = PBXProject;
			attributes = {
				LastSwiftUpdateCheck = 1020;
				LastUpgradeCheck = 1020;
				ORGANIZATIONNAME = "Pedro Vargas";
				TargetAttributes = {
					07CE96E122A436F100F6E4BA = {
						CreatedOnToolsVersion = 10.2.1;
					};
				};
			};
			buildConfigurationList = 07CE96DD22A436F100F6E4BA /* Build configuration list for PBXProject "domi-Nos" */;
			compatibilityVersion = "Xcode 9.3";
			developmentRegion = en;
			hasScannedForEncodings = 0;
			knownRegions = (
				en,
				Base,
			);
			mainGroup = 07CE96D922A436F100F6E4BA;
			productRefGroup = 07CE96E322A436F100F6E4BA /* Products */;
			projectDirPath = "";
			projectRoot = "";
			targets = (
				07CE96E122A436F100F6E4BA /* domi-Nos */,
			);
		};
/* End PBXProject section */

/* Begin PBXResourcesBuildPhase section */
		07CE96E022A436F100F6E4BA /* Resources */ = {
			isa = PBXResourcesBuildPhase;
			buildActionMask = 2147483647;
			files = (
				07CE96E822A436F100F6E4BA /* art.scnassets in Resources */,
				07CE96F222A436F300F6E4BA /* LaunchScreen.storyboard in Resources */,
				07CE96EF22A436F300F6E4BA /* Assets.xcassets in Resources */,
				07CE96ED22A436F100F6E4BA /* Main.storyboard in Resources */,
			);
			runOnlyForDeploymentPostprocessing = 0;
		};
/* End PBXResourcesBuildPhase section */

/* Begin PBXSourcesBuildPhase section */
		07CE96DE22A436F100F6E4BA /* Sources */ = {
			isa = PBXSourcesBuildPhase;
			buildActionMask = 2147483647;
			files = (
				07CE96EA22A436F100F6E4BA /* ViewController.swift in Sources */,
				07CE96E622A436F100F6E4BA /* AppDelegate.swift in Sources */,
			);
			runOnlyForDeploymentPostprocessing = 0;
		};
/* End PBXSourcesBuildPhase section */

/* Begin PBXVariantGroup section */
		07CE96EB22A436F100F6E4BA /* Main.storyboard */ = {
			isa = PBXVariantGroup;
			children = (
				07CE96EC22A436F100F6E4BA /* Base */,
			);
			name = Main.storyboard;
			sourceTree = "<group>";
		};
		07CE96F022A436F300F6E4BA /* LaunchScreen.storyboard */ = {
			isa = PBXVariantGroup;
			children = (
				07CE96F122A436F300F6E4BA /* Base */,
			);
			name = LaunchScreen.storyboard;
			sourceTree = "<group>";
		};
/* End PBXVariantGroup section */

/* Begin XCBuildConfiguration section */
		07CE96F422A436F300F6E4BA /* Debug */ = {
			isa = XCBuildConfiguration;
			buildSettings = {
				ALWAYS_SEARCH_USER_PATHS = NO;
				CLANG_ANALYZER_NONNULL = YES;
				CLANG_ANALYZER_NUMBER_OBJECT_CONVERSION = YES_AGGRESSIVE;
				CLANG_CXX_LANGUAGE_STANDARD = "gnu++14";
				CLANG_CXX_LIBRARY = "libc++";
				CLANG_ENABLE_MODULES = YES;
				CLANG_ENABLE_OBJC_ARC = YES;
				CLANG_ENABLE_OBJC_WEAK = YES;
				CLANG_WARN_BLOCK_CAPTURE_AUTORELEASING = YES;
				CLANG_WARN_BOOL_CONVERSION = YES;
				CLANG_WARN_COMMA = YES;
				CLANG_WARN_CONSTANT_CONVERSION = YES;
				CLANG_WARN_DEPRECATED_OBJC_IMPLEMENTATIONS = YES;
				CLANG_WARN_DIRECT_OBJC_ISA_USAGE = YES_ERROR;
				CLANG_WARN_DOCUMENTATION_COMMENTS = YES;
				CLANG_WARN_EMPTY_BODY = YES;
				CLANG_WARN_ENUM_CONVERSION = YES;
				CLANG_WARN_INFINITE_RECURSION = YES;
				CLANG_WARN_INT_CONVERSION = YES;
				CLANG_WARN_NON_LITERAL_NULL_CONVERSION = YES;
				CLANG_WARN_OBJC_IMPLICIT_RETAIN_SELF = YES;
				CLANG_WARN_OBJC_LITERAL_CONVERSION = YES;
				CLANG_WARN_OBJC_ROOT_CLASS = YES_ERROR;
				CLANG_WARN_RANGE_LOOP_ANALYSIS = YES;
				CLANG_WARN_STRICT_PROTOTYPES = YES;
				CLANG_WARN_SUSPICIOUS_MOVE = YES;
				CLANG_WARN_UNGUARDED_AVAILABILITY = YES_AGGRESSIVE;
				CLANG_WARN_UNREACHABLE_CODE = YES;
				CLANG_WARN__DUPLICATE_METHOD_MATCH = YES;
				CODE_SIGN_IDENTITY = "iPhone Developer";
				COPY_PHASE_STRIP = NO;
				DEBUG_INFORMATION_FORMAT = dwarf;
				ENABLE_STRICT_OBJC_MSGSEND = YES;
				ENABLE_TESTABILITY = YES;
				GCC_C_LANGUAGE_STANDARD = gnu11;
				GCC_DYNAMIC_NO_PIC = NO;
				GCC_NO_COMMON_BLOCKS = YES;
				GCC_OPTIMIZATION_LEVEL = 0;
				GCC_PREPROCESSOR_DEFINITIONS = (
					"DEBUG=1",
					"$(inherited)",
				);
				GCC_WARN_64_TO_32_BIT_CONVERSION = YES;
				GCC_WARN_ABOUT_RETURN_TYPE = YES_ERROR;
				GCC_WARN_UNDECLARED_SELECTOR = YES;
				GCC_WARN_UNINITIALIZED_AUTOS = YES_AGGRESSIVE;
				GCC_WARN_UNUSED_FUNCTION = YES;
				GCC_WARN_UNUSED_VARIABLE = YES;
				IPHONEOS_DEPLOYMENT_TARGET = 12.2;
				MTL_ENABLE_DEBUG_INFO = INCLUDE_SOURCE;
				MTL_FAST_MATH = YES;
				ONLY_ACTIVE_ARCH = YES;
				SDKROOT = iphoneos;
				SWIFT_ACTIVE_COMPILATION_CONDITIONS = DEBUG;
				SWIFT_OPTIMIZATION_LEVEL = "-Onone";
			};
			name = Debug;
		};
		07CE96F522A436F300F6E4BA /* Release */ = {
			isa = XCBuildConfiguration;
			buildSettings = {
				ALWAYS_SEARCH_USER_PATHS = NO;
				CLANG_ANALYZER_NONNULL = YES;
				CLANG_ANALYZER_NUMBER_OBJECT_CONVERSION = YES_AGGRESSIVE;
				CLANG_CXX_LANGUAGE_STANDARD = "gnu++14";
				CLANG_CXX_LIBRARY = "libc++";
				CLANG_ENABLE_MODULES = YES;
				CLANG_ENABLE_OBJC_ARC = YES;
				CLANG_ENABLE_OBJC_WEAK = YES;
				CLANG_WARN_BLOCK_CAPTURE_AUTORELEASING = YES;
				CLANG_WARN_BOOL_CONVERSION = YES;
				CLANG_WARN_COMMA = YES;
				CLANG_WARN_CONSTANT_CONVERSION = YES;
				CLANG_WARN_DEPRECATED_OBJC_IMPLEMENTATIONS = YES;
				CLANG_WARN_DIRECT_OBJC_ISA_USAGE = YES_ERROR;
				CLANG_WARN_DOCUMENTATION_COMMENTS = YES;
				CLANG_WARN_EMPTY_BODY = YES;
				CLANG_WARN_ENUM_CONVERSION = YES;
				CLANG_WARN_INFINITE_RECURSION = YES;
				CLANG_WARN_INT_CONVERSION = YES;
				CLANG_WARN_NON_LITERAL_NULL_CONVERSION = YES;
				CLANG_WARN_OBJC_IMPLICIT_RETAIN_SELF = YES;
				CLANG_WARN_OBJC_LITERAL_CONVERSION = YES;
				CLANG_WARN_OBJC_ROOT_CLASS = YES_ERROR;
				CLANG_WARN_RANGE_LOOP_ANALYSIS = YES;
				CLANG_WARN_STRICT_PROTOTYPES = YES;
				CLANG_WARN_SUSPICIOUS_MOVE = YES;
				CLANG_WARN_UNGUARDED_AVAILABILITY = YES_AGGRESSIVE;
				CLANG_WARN_UNREACHABLE_CODE = YES;
				CLANG_WARN__DUPLICATE_METHOD_MATCH = YES;
				CODE_SIGN_IDENTITY = "iPhone Developer";
				COPY_PHASE_STRIP = NO;
				DEBUG_INFORMATION_FORMAT = "dwarf-with-dsym";
				ENABLE_NS_ASSERTIONS = NO;
				ENABLE_STRICT_OBJC_MSGSEND = YES;
				GCC_C_LANGUAGE_STANDARD = gnu11;
				GCC_NO_COMMON_BLOCKS = YES;
				GCC_WARN_64_TO_32_BIT_CONVERSION = YES;
				GCC_WARN_ABOUT_RETURN_TYPE = YES_ERROR;
				GCC_WARN_UNDECLARED_SELECTOR = YES;
				GCC_WARN_UNINITIALIZED_AUTOS = YES_AGGRESSIVE;
				GCC_WARN_UNUSED_FUNCTION = YES;
				GCC_WARN_UNUSED_VARIABLE = YES;
				IPHONEOS_DEPLOYMENT_TARGET = 12.2;
				MTL_ENABLE_DEBUG_INFO = NO;
				MTL_FAST_MATH = YES;
				SDKROOT = iphoneos;
				SWIFT_COMPILATION_MODE = wholemodule;
				SWIFT_OPTIMIZATION_LEVEL = "-O";
				VALIDATE_PRODUCT = YES;
			};
			name = Release;
		};
		07CE96F722A436F300F6E4BA /* Debug */ = {
			isa = XCBuildConfiguration;
			buildSettings = {
				ASSETCATALOG_COMPILER_APPICON_NAME = AppIcon;
				CODE_SIGN_STYLE = Automatic;
				DEVELOPMENT_TEAM = ZSLUMCNRNL;
				INFOPLIST_FILE = "domi-Nos/Info.plist";
				LD_RUNPATH_SEARCH_PATHS = (
					"$(inherited)",
					"@executable_path/Frameworks",
				);
				PRODUCT_BUNDLE_IDENTIFIER = "com.PedrinhoVargas.domi-Nos";
				PRODUCT_NAME = "$(TARGET_NAME)";
				SWIFT_VERSION = 5.0;
				TARGETED_DEVICE_FAMILY = "1,2";
			};
			name = Debug;
		};
		07CE96F822A436F300F6E4BA /* Release */ = {
			isa = XCBuildConfiguration;
			buildSettings = {
				ASSETCATALOG_COMPILER_APPICON_NAME = AppIcon;
				CODE_SIGN_STYLE = Automatic;
				DEVELOPMENT_TEAM = ZSLUMCNRNL;
				INFOPLIST_FILE = "domi-Nos/Info.plist";
				LD_RUNPATH_SEARCH_PATHS = (
					"$(inherited)",
					"@executable_path/Frameworks",
				);
				PRODUCT_BUNDLE_IDENTIFIER = "com.PedrinhoVargas.domi-Nos";
				PRODUCT_NAME = "$(TARGET_NAME)";
				SWIFT_VERSION = 5.0;
				TARGETED_DEVICE_FAMILY = "1,2";
			};
			name = Release;
		};
/* End XCBuildConfiguration section */

/* Begin XCConfigurationList section */
		07CE96DD22A436F100F6E4BA /* Build configuration list for PBXProject "domi-Nos" */ = {
			isa = XCConfigurationList;
			buildConfigurations = (
				07CE96F422A436F300F6E4BA /* Debug */,
				07CE96F522A436F300F6E4BA /* Release */,
			);
			defaultConfigurationIsVisible = 0;
			defaultConfigurationName = Release;
		};
		07CE96F622A436F300F6E4BA /* Build configuration list for PBXNativeTarget "domi-Nos" */ = {
			isa = XCConfigurationList;
			buildConfigurations = (
				07CE96F722A436F300F6E4BA /* Debug */,
				07CE96F822A436F300F6E4BA /* Release */,
			);
			defaultConfigurationIsVisible = 0;
			defaultConfigurationName = Release;
		};
/* End XCConfigurationList section */
	};
	rootObject = 07CE96DA22A436F100F6E4BA /* Project object */;
}
